
Microsoft Visual Studio Solution File, Format Version 12.00
# Visual Studio Version 17
VisualStudioVersion = 17.0.31903.59
MinimumVisualStudioVersion = 10.0.40219.1
Project("{FAE04EC0-301F-11D3-BF4B-00C04F79EFBC}") = "VemyndStore.Api.Tests", "VemyndStore.Api.Tests\VemyndStore.Api.Tests.csproj", "{B1D15C8A-7B95-4B29-9478-B7C4EF2058BE}"
EndProject
Global
	GlobalSection(SolutionConfigurationPlatforms) = preSolution
		Debug|Any CPU = Debug|Any CPU
		Release|Any CPU = Release|Any CPU
	EndGlobalSection
	GlobalSection(SolutionProperties) = preSolution
		HideSolutionNode = FALSE
	EndGlobalSection
	GlobalSection(ProjectConfigurationPlatforms) = postSolution
		{B1D15C8A-7B95-4B29-9478-B7C4EF2058BE}.Debug|Any CPU.ActiveCfg = Debug|Any CPU
		{B1D15C8A-7B95-4B29-9478-B7C4EF2058BE}.Debug|Any CPU.Build.0 = Debug|Any CPU
		{B1D15C8A-7B95-4B29-9478-B7C4EF2058BE}.Release|Any CPU.ActiveCfg = Release|Any CPU
		{B1D15C8A-7B95-4B29-9478-B7C4EF2058BE}.Release|Any CPU.Build.0 = Release|Any CPU
	EndGlobalSection
EndGlobal
